
Microsoft Visual Studio Solution File, Format Version 12.00
# Visual Studio 15
VisualStudioVersion = 15.0.28010.2003
MinimumVisualStudioVersion = 10.0.40219.1
Project("{FAE04EC0-301F-11D3-BF4B-00C04F79EFBC}") = "ProjectCeilidh.Ceilidh.XamarinShell.Mac", "ProjectCeilidh.Ceilidh.XamarinShell.Mac\ProjectCeilidh.Ceilidh.XamarinShell.Mac.csproj", "{B76D23BF-B040-4BD9-A41F-A51505811D8F}"
EndProject
Project("{9A19103F-16F7-4668-BE54-9A1E7A4F7556}") = "ProjectCeilidh.Ceilidh.XamarinShell", "ProjectCeilidh.Ceilidh.XamarinShell\ProjectCeilidh.Ceilidh.XamarinShell.csproj", "{285048D3-2C5E-4C31-B9B9-0EE55229B35F}"
EndProject
Project("{FAE04EC0-301F-11D3-BF4B-00C04F79EFBC}") = "ProjectCeilidh.Ceilidh.XamarinShell.WPF", "ProjectCeilidh.Ceilidh.XamarinShell.WPF\ProjectCeilidh.Ceilidh.XamarinShell.WPF.csproj", "{CAE95315-B194-403B-A7FD-A555AD853124}"
EndProject
Project("{9A19103F-16F7-4668-BE54-9A1E7A4F7556}") = "ProjectCeilidh.Ceilidh.Standard", "Ceilidh.Standard\ProjectCeilidh.Ceilidh.Standard\ProjectCeilidh.Ceilidh.Standard.csproj", "{49189EA9-BF7B-4354-A26B-7325F0C518A9}"
EndProject
Project("{FAE04EC0-301F-11D3-BF4B-00C04F79EFBC}") = "ProjectCeilidh.Ceilidh.XamarinShell.GTK", "ProjectCeilidh.Ceilidh.XamarinShell.GTK\ProjectCeilidh.Ceilidh.XamarinShell.GTK.csproj", "{8B3C2DAC-D849-4687-90CA-A2079BAD8D67}"
EndProject
Project("{C7167F0D-BC9F-4E6E-AFE1-012C56B48DB5}") = "ProjectCeilidh.Ceilidh.XamarinShell.WPF.Package", "ProjectCeilidh.Ceilidh.XamarinShell.WPF.Package\ProjectCeilidh.Ceilidh.XamarinShell.WPF.Package.wapproj", "{122599E6-79F6-41A5-9764-BC42F0DFD949}"
EndProject
Global
	GlobalSection(SolutionConfigurationPlatforms) = preSolution
		Ad-Hoc|Any CPU = Ad-Hoc|Any CPU
		Ad-Hoc|ARM = Ad-Hoc|ARM
		Ad-Hoc|iPhone = Ad-Hoc|iPhone
		Ad-Hoc|iPhoneSimulator = Ad-Hoc|iPhoneSimulator
		Ad-Hoc|x64 = Ad-Hoc|x64
		Ad-Hoc|x86 = Ad-Hoc|x86
		AppStore|Any CPU = AppStore|Any CPU
		AppStore|ARM = AppStore|ARM
		AppStore|iPhone = AppStore|iPhone
		AppStore|iPhoneSimulator = AppStore|iPhoneSimulator
		AppStore|x64 = AppStore|x64
		AppStore|x86 = AppStore|x86
		Debug|Any CPU = Debug|Any CPU
		Debug|ARM = Debug|ARM
		Debug|iPhone = Debug|iPhone
		Debug|iPhoneSimulator = Debug|iPhoneSimulator
		Debug|x64 = Debug|x64
		Debug|x86 = Debug|x86
		Release|Any CPU = Release|Any CPU
		Release|ARM = Release|ARM
		Release|iPhone = Release|iPhone
		Release|iPhoneSimulator = Release|iPhoneSimulator
		Release|x64 = Release|x64
		Release|x86 = Release|x86
	EndGlobalSection
	GlobalSection(ProjectConfigurationPlatforms) = postSolution
		{B76D23BF-B040-4BD9-A41F-A51505811D8F}.Ad-Hoc|Any CPU.ActiveCfg = Release|iPhoneSimulator
		{B76D23BF-B040-4BD9-A41F-A51505811D8F}.Ad-Hoc|Any CPU.Build.0 = Release|iPhoneSimulator
		{B76D23BF-B040-4BD9-A41F-A51505811D8F}.Ad-Hoc|ARM.ActiveCfg = Debug|iPhoneSimulator
		{B76D23BF-B040-4BD9-A41F-A51505811D8F}.Ad-Hoc|ARM.Build.0 = Debug|iPhoneSimulator
		{B76D23BF-B040-4BD9-A41F-A51505811D8F}.Ad-Hoc|iPhone.ActiveCfg = Debug|iPhoneSimulator
		{B76D23BF-B040-4BD9-A41F-A51505811D8F}.Ad-Hoc|iPhone.Build.0 = Debug|iPhoneSimulator
		{B76D23BF-B040-4BD9-A41F-A51505811D8F}.Ad-Hoc|iPhoneSimulator.ActiveCfg = Release|iPhoneSimulator
		{B76D23BF-B040-4BD9-A41F-A51505811D8F}.Ad-Hoc|iPhoneSimulator.Build.0 = Release|iPhoneSimulator
		{B76D23BF-B040-4BD9-A41F-A51505811D8F}.Ad-Hoc|x64.ActiveCfg = Debug|iPhoneSimulator
		{B76D23BF-B040-4BD9-A41F-A51505811D8F}.Ad-Hoc|x64.Build.0 = Debug|iPhoneSimulator
		{B76D23BF-B040-4BD9-A41F-A51505811D8F}.Ad-Hoc|x86.ActiveCfg = Debug|iPhoneSimulator
		{B76D23BF-B040-4BD9-A41F-A51505811D8F}.Ad-Hoc|x86.Build.0 = Debug|iPhoneSimulator
		{B76D23BF-B040-4BD9-A41F-A51505811D8F}.AppStore|Any CPU.ActiveCfg = Release|iPhoneSimulator
		{B76D23BF-B040-4BD9-A41F-A51505811D8F}.AppStore|Any CPU.Build.0 = Release|iPhoneSimulator
		{B76D23BF-B040-4BD9-A41F-A51505811D8F}.AppStore|ARM.ActiveCfg = Debug|iPhoneSimulator
		{B76D23BF-B040-4BD9-A41F-A51505811D8F}.AppStore|ARM.Build.0 = Debug|iPhoneSimulator
		{B76D23BF-B040-4BD9-A41F-A51505811D8F}.AppStore|iPhone.ActiveCfg = Debug|iPhoneSimulator
		{B76D23BF-B040-4BD9-A41F-A51505811D8F}.AppStore|iPhone.Build.0 = Debug|iPhoneSimulator
		{B76D23BF-B040-4BD9-A41F-A51505811D8F}.AppStore|iPhoneSimulator.ActiveCfg = Release|iPhoneSimulator
		{B76D23BF-B040-4BD9-A41F-A51505811D8F}.AppStore|iPhoneSimulator.Build.0 = Release|iPhoneSimulator
		{B76D23BF-B040-4BD9-A41F-A51505811D8F}.AppStore|x64.ActiveCfg = Debug|iPhoneSimulator
		{B76D23BF-B040-4BD9-A41F-A51505811D8F}.AppStore|x64.Build.0 = Debug|iPhoneSimulator
		{B76D23BF-B040-4BD9-A41F-A51505811D8F}.AppStore|x86.ActiveCfg = Debug|iPhoneSimulator
		{B76D23BF-B040-4BD9-A41F-A51505811D8F}.AppStore|x86.Build.0 = Debug|iPhoneSimulator
		{B76D23BF-B040-4BD9-A41F-A51505811D8F}.Debug|Any CPU.ActiveCfg = Debug|iPhoneSimulator
		{B76D23BF-B040-4BD9-A41F-A51505811D8F}.Debug|ARM.ActiveCfg = Debug|iPhoneSimulator
		{B76D23BF-B040-4BD9-A41F-A51505811D8F}.Debug|iPhone.ActiveCfg = Debug|iPhoneSimulator
		{B76D23BF-B040-4BD9-A41F-A51505811D8F}.Debug|iPhone.Build.0 = Debug|iPhoneSimulator
		{B76D23BF-B040-4BD9-A41F-A51505811D8F}.Debug|iPhoneSimulator.ActiveCfg = Debug|iPhoneSimulator
		{B76D23BF-B040-4BD9-A41F-A51505811D8F}.Debug|iPhoneSimulator.Build.0 = Debug|iPhoneSimulator
		{B76D23BF-B040-4BD9-A41F-A51505811D8F}.Debug|x64.ActiveCfg = Debug|iPhoneSimulator
		{B76D23BF-B040-4BD9-A41F-A51505811D8F}.Debug|x86.ActiveCfg = Debug|iPhoneSimulator
		{B76D23BF-B040-4BD9-A41F-A51505811D8F}.Release|Any CPU.ActiveCfg = Release|iPhoneSimulator
		{B76D23BF-B040-4BD9-A41F-A51505811D8F}.Release|ARM.ActiveCfg = Release|iPhoneSimulator
		{B76D23BF-B040-4BD9-A41F-A51505811D8F}.Release|iPhone.ActiveCfg = Release|iPhoneSimulator
		{B76D23BF-B040-4BD9-A41F-A51505811D8F}.Release|iPhone.Build.0 = Release|iPhoneSimulator
		{B76D23BF-B040-4BD9-A41F-A51505811D8F}.Release|iPhoneSimulator.ActiveCfg = Release|iPhoneSimulator
		{B76D23BF-B040-4BD9-A41F-A51505811D8F}.Release|iPhoneSimulator.Build.0 = Release|iPhoneSimulator
		{B76D23BF-B040-4BD9-A41F-A51505811D8F}.Release|x64.ActiveCfg = Release|iPhoneSimulator
		{B76D23BF-B040-4BD9-A41F-A51505811D8F}.Release|x86.ActiveCfg = Release|iPhoneSimulator
		{285048D3-2C5E-4C31-B9B9-0EE55229B35F}.Ad-Hoc|Any CPU.ActiveCfg = Release|Any CPU
		{285048D3-2C5E-4C31-B9B9-0EE55229B35F}.Ad-Hoc|Any CPU.Build.0 = Release|Any CPU
		{285048D3-2C5E-4C31-B9B9-0EE55229B35F}.Ad-Hoc|ARM.ActiveCfg = Debug|Any CPU
		{285048D3-2C5E-4C31-B9B9-0EE55229B35F}.Ad-Hoc|ARM.Build.0 = Debug|Any CPU
		{285048D3-2C5E-4C31-B9B9-0EE55229B35F}.Ad-Hoc|iPhone.ActiveCfg = Debug|Any CPU
		{285048D3-2C5E-4C31-B9B9-0EE55229B35F}.Ad-Hoc|iPhone.Build.0 = Debug|Any CPU
		{285048D3-2C5E-4C31-B9B9-0EE55229B35F}.Ad-Hoc|iPhoneSimulator.ActiveCfg = Release|Any CPU
		{285048D3-2C5E-4C31-B9B9-0EE55229B35F}.Ad-Hoc|iPhoneSimulator.Build.0 = Release|Any CPU
		{285048D3-2C5E-4C31-B9B9-0EE55229B35F}.Ad-Hoc|x64.ActiveCfg = Debug|Any CPU
		{285048D3-2C5E-4C31-B9B9-0EE55229B35F}.Ad-Hoc|x64.Build.0 = Debug|Any CPU
		{285048D3-2C5E-4C31-B9B9-0EE55229B35F}.Ad-Hoc|x86.ActiveCfg = Debug|Any CPU
		{285048D3-2C5E-4C31-B9B9-0EE55229B35F}.Ad-Hoc|x86.Build.0 = Debug|Any CPU
		{285048D3-2C5E-4C31-B9B9-0EE55229B35F}.AppStore|Any CPU.ActiveCfg = Release|Any CPU
		{285048D3-2C5E-4C31-B9B9-0EE55229B35F}.AppStore|Any CPU.Build.0 = Release|Any CPU
		{285048D3-2C5E-4C31-B9B9-0EE55229B35F}.AppStore|ARM.ActiveCfg = Debug|Any CPU
		{285048D3-2C5E-4C31-B9B9-0EE55229B35F}.AppStore|ARM.Build.0 = Debug|Any CPU
		{285048D3-2C5E-4C31-B9B9-0EE55229B35F}.AppStore|iPhone.ActiveCfg = Debug|Any CPU
		{285048D3-2C5E-4C31-B9B9-0EE55229B35F}.AppStore|iPhone.Build.0 = Debug|Any CPU
		{285048D3-2C5E-4C31-B9B9-0EE55229B35F}.AppStore|iPhoneSimulator.ActiveCfg = Release|Any CPU
		{285048D3-2C5E-4C31-B9B9-0EE55229B35F}.AppStore|iPhoneSimulator.Build.0 = Release|Any CPU
		{285048D3-2C5E-4C31-B9B9-0EE55229B35F}.AppStore|x64.ActiveCfg = Debug|Any CPU
		{285048D3-2C5E-4C31-B9B9-0EE55229B35F}.AppStore|x64.Build.0 = Debug|Any CPU
		{285048D3-2C5E-4C31-B9B9-0EE55229B35F}.AppStore|x86.ActiveCfg = Debug|Any CPU
		{285048D3-2C5E-4C31-B9B9-0EE55229B35F}.AppStore|x86.Build.0 = Debug|Any CPU
		{285048D3-2C5E-4C31-B9B9-0EE55229B35F}.Debug|Any CPU.ActiveCfg = Debug|Any CPU
		{285048D3-2C5E-4C31-B9B9-0EE55229B35F}.Debug|Any CPU.Build.0 = Debug|Any CPU
		{285048D3-2C5E-4C31-B9B9-0EE55229B35F}.Debug|ARM.ActiveCfg = Debug|Any CPU
		{285048D3-2C5E-4C31-B9B9-0EE55229B35F}.Debug|ARM.Build.0 = Debug|Any CPU
		{285048D3-2C5E-4C31-B9B9-0EE55229B35F}.Debug|iPhone.ActiveCfg = Debug|Any CPU
		{285048D3-2C5E-4C31-B9B9-0EE55229B35F}.Debug|iPhone.Build.0 = Debug|Any CPU
		{285048D3-2C5E-4C31-B9B9-0EE55229B35F}.Debug|iPhoneSimulator.ActiveCfg = Debug|Any CPU
		{285048D3-2C5E-4C31-B9B9-0EE55229B35F}.Debug|iPhoneSimulator.Build.0 = Debug|Any CPU
		{285048D3-2C5E-4C31-B9B9-0EE55229B35F}.Debug|x64.ActiveCfg = Debug|Any CPU
		{285048D3-2C5E-4C31-B9B9-0EE55229B35F}.Debug|x64.Build.0 = Debug|Any CPU
		{285048D3-2C5E-4C31-B9B9-0EE55229B35F}.Debug|x86.ActiveCfg = Debug|Any CPU
		{285048D3-2C5E-4C31-B9B9-0EE55229B35F}.Debug|x86.Build.0 = Debug|Any CPU
		{285048D3-2C5E-4C31-B9B9-0EE55229B35F}.Release|Any CPU.ActiveCfg = Release|Any CPU
		{285048D3-2C5E-4C31-B9B9-0EE55229B35F}.Release|Any CPU.Build.0 = Release|Any CPU
		{285048D3-2C5E-4C31-B9B9-0EE55229B35F}.Release|ARM.ActiveCfg = Release|Any CPU
		{285048D3-2C5E-4C31-B9B9-0EE55229B35F}.Release|ARM.Build.0 = Release|Any CPU
		{285048D3-2C5E-4C31-B9B9-0EE55229B35F}.Release|iPhone.ActiveCfg = Release|Any CPU
		{285048D3-2C5E-4C31-B9B9-0EE55229B35F}.Release|iPhone.Build.0 = Release|Any CPU
		{285048D3-2C5E-4C31-B9B9-0EE55229B35F}.Release|iPhoneSimulator.ActiveCfg = Release|Any CPU
		{285048D3-2C5E-4C31-B9B9-0EE55229B35F}.Release|iPhoneSimulator.Build.0 = Release|Any CPU
		{285048D3-2C5E-4C31-B9B9-0EE55229B35F}.Release|x64.ActiveCfg = Release|Any CPU
		{285048D3-2C5E-4C31-B9B9-0EE55229B35F}.Release|x64.Build.0 = Release|Any CPU
		{285048D3-2C5E-4C31-B9B9-0EE55229B35F}.Release|x86.ActiveCfg = Release|Any CPU
		{285048D3-2C5E-4C31-B9B9-0EE55229B35F}.Release|x86.Build.0 = Release|Any CPU
		{CAE95315-B194-403B-A7FD-A555AD853124}.Ad-Hoc|Any CPU.ActiveCfg = Release|Any CPU
		{CAE95315-B194-403B-A7FD-A555AD853124}.Ad-Hoc|Any CPU.Build.0 = Release|Any CPU
		{CAE95315-B194-403B-A7FD-A555AD853124}.Ad-Hoc|ARM.ActiveCfg = Debug|Any CPU
		{CAE95315-B194-403B-A7FD-A555AD853124}.Ad-Hoc|ARM.Build.0 = Debug|Any CPU
		{CAE95315-B194-403B-A7FD-A555AD853124}.Ad-Hoc|iPhone.ActiveCfg = Release|Any CPU
		{CAE95315-B194-403B-A7FD-A555AD853124}.Ad-Hoc|iPhone.Build.0 = Release|Any CPU
		{CAE95315-B194-403B-A7FD-A555AD853124}.Ad-Hoc|iPhoneSimulator.ActiveCfg = Release|Any CPU
		{CAE95315-B194-403B-A7FD-A555AD853124}.Ad-Hoc|iPhoneSimulator.Build.0 = Release|Any CPU
		{CAE95315-B194-403B-A7FD-A555AD853124}.Ad-Hoc|x64.ActiveCfg = Debug|Any CPU
		{CAE95315-B194-403B-A7FD-A555AD853124}.Ad-Hoc|x64.Build.0 = Debug|Any CPU
		{CAE95315-B194-403B-A7FD-A555AD853124}.Ad-Hoc|x86.ActiveCfg = Debug|Any CPU
		{CAE95315-B194-403B-A7FD-A555AD853124}.Ad-Hoc|x86.Build.0 = Debug|Any CPU
		{CAE95315-B194-403B-A7FD-A555AD853124}.AppStore|Any CPU.ActiveCfg = Release|Any CPU
		{CAE95315-B194-403B-A7FD-A555AD853124}.AppStore|Any CPU.Build.0 = Release|Any CPU
		{CAE95315-B194-403B-A7FD-A555AD853124}.AppStore|ARM.ActiveCfg = Debug|Any CPU
		{CAE95315-B194-403B-A7FD-A555AD853124}.AppStore|ARM.Build.0 = Debug|Any CPU
		{CAE95315-B194-403B-A7FD-A555AD853124}.AppStore|iPhone.ActiveCfg = Release|Any CPU
		{CAE95315-B194-403B-A7FD-A555AD853124}.AppStore|iPhone.Build.0 = Release|Any CPU
		{CAE95315-B194-403B-A7FD-A555AD853124}.AppStore|iPhoneSimulator.ActiveCfg = Release|Any CPU
		{CAE95315-B194-403B-A7FD-A555AD853124}.AppStore|iPhoneSimulator.Build.0 = Release|Any CPU
		{CAE95315-B194-403B-A7FD-A555AD853124}.AppStore|x64.ActiveCfg = Debug|Any CPU
		{CAE95315-B194-403B-A7FD-A555AD853124}.AppStore|x64.Build.0 = Debug|Any CPU
		{CAE95315-B194-403B-A7FD-A555AD853124}.AppStore|x86.ActiveCfg = Debug|Any CPU
		{CAE95315-B194-403B-A7FD-A555AD853124}.AppStore|x86.Build.0 = Debug|Any CPU
		{CAE95315-B194-403B-A7FD-A555AD853124}.Debug|Any CPU.ActiveCfg = Debug|Any CPU
		{CAE95315-B194-403B-A7FD-A555AD853124}.Debug|Any CPU.Build.0 = Debug|Any CPU
		{CAE95315-B194-403B-A7FD-A555AD853124}.Debug|ARM.ActiveCfg = Debug|Any CPU
		{CAE95315-B194-403B-A7FD-A555AD853124}.Debug|ARM.Build.0 = Debug|Any CPU
		{CAE95315-B194-403B-A7FD-A555AD853124}.Debug|iPhone.ActiveCfg = Debug|Any CPU
		{CAE95315-B194-403B-A7FD-A555AD853124}.Debug|iPhone.Build.0 = Debug|Any CPU
		{CAE95315-B194-403B-A7FD-A555AD853124}.Debug|iPhoneSimulator.ActiveCfg = Debug|Any CPU
		{CAE95315-B194-403B-A7FD-A555AD853124}.Debug|iPhoneSimulator.Build.0 = Debug|Any CPU
		{CAE95315-B194-403B-A7FD-A555AD853124}.Debug|x64.ActiveCfg = Debug|Any CPU
		{CAE95315-B194-403B-A7FD-A555AD853124}.Debug|x64.Build.0 = Debug|Any CPU
		{CAE95315-B194-403B-A7FD-A555AD853124}.Debug|x86.ActiveCfg = Debug|Any CPU
		{CAE95315-B194-403B-A7FD-A555AD853124}.Debug|x86.Build.0 = Debug|Any CPU
		{CAE95315-B194-403B-A7FD-A555AD853124}.Release|Any CPU.ActiveCfg = Release|Any CPU
		{CAE95315-B194-403B-A7FD-A555AD853124}.Release|Any CPU.Build.0 = Release|Any CPU
		{CAE95315-B194-403B-A7FD-A555AD853124}.Release|ARM.ActiveCfg = Release|Any CPU
		{CAE95315-B194-403B-A7FD-A555AD853124}.Release|ARM.Build.0 = Release|Any CPU
		{CAE95315-B194-403B-A7FD-A555AD853124}.Release|iPhone.ActiveCfg = Release|Any CPU
		{CAE95315-B194-403B-A7FD-A555AD853124}.Release|iPhone.Build.0 = Release|Any CPU
		{CAE95315-B194-403B-A7FD-A555AD853124}.Release|iPhoneSimulator.ActiveCfg = Release|Any CPU
		{CAE95315-B194-403B-A7FD-A555AD853124}.Release|iPhoneSimulator.Build.0 = Release|Any CPU
		{CAE95315-B194-403B-A7FD-A555AD853124}.Release|x64.ActiveCfg = Release|Any CPU
		{CAE95315-B194-403B-A7FD-A555AD853124}.Release|x64.Build.0 = Release|Any CPU
		{CAE95315-B194-403B-A7FD-A555AD853124}.Release|x86.ActiveCfg = Release|Any CPU
		{CAE95315-B194-403B-A7FD-A555AD853124}.Release|x86.Build.0 = Release|Any CPU
		{49189EA9-BF7B-4354-A26B-7325F0C518A9}.Ad-Hoc|Any CPU.ActiveCfg = Debug|Any CPU
		{49189EA9-BF7B-4354-A26B-7325F0C518A9}.Ad-Hoc|Any CPU.Build.0 = Debug|Any CPU
		{49189EA9-BF7B-4354-A26B-7325F0C518A9}.Ad-Hoc|ARM.ActiveCfg = Release|Any CPU
		{49189EA9-BF7B-4354-A26B-7325F0C518A9}.Ad-Hoc|ARM.Build.0 = Release|Any CPU
		{49189EA9-BF7B-4354-A26B-7325F0C518A9}.Ad-Hoc|iPhone.ActiveCfg = Debug|Any CPU
		{49189EA9-BF7B-4354-A26B-7325F0C518A9}.Ad-Hoc|iPhone.Build.0 = Debug|Any CPU
		{49189EA9-BF7B-4354-A26B-7325F0C518A9}.Ad-Hoc|iPhoneSimulator.ActiveCfg = Debug|Any CPU
		{49189EA9-BF7B-4354-A26B-7325F0C518A9}.Ad-Hoc|iPhoneSimulator.Build.0 = Debug|Any CPU
		{49189EA9-BF7B-4354-A26B-7325F0C518A9}.Ad-Hoc|x64.ActiveCfg = Release|Any CPU
		{49189EA9-BF7B-4354-A26B-7325F0C518A9}.Ad-Hoc|x64.Build.0 = Release|Any CPU
		{49189EA9-BF7B-4354-A26B-7325F0C518A9}.Ad-Hoc|x86.ActiveCfg = Release|Any CPU
		{49189EA9-BF7B-4354-A26B-7325F0C518A9}.Ad-Hoc|x86.Build.0 = Release|Any CPU
		{49189EA9-BF7B-4354-A26B-7325F0C518A9}.AppStore|Any CPU.ActiveCfg = Debug|Any CPU
		{49189EA9-BF7B-4354-A26B-7325F0C518A9}.AppStore|Any CPU.Build.0 = Debug|Any CPU
		{49189EA9-BF7B-4354-A26B-7325F0C518A9}.AppStore|ARM.ActiveCfg = Release|Any CPU
		{49189EA9-BF7B-4354-A26B-7325F0C518A9}.AppStore|ARM.Build.0 = Release|Any CPU
		{49189EA9-BF7B-4354-A26B-7325F0C518A9}.AppStore|iPhone.ActiveCfg = Debug|Any CPU
		{49189EA9-BF7B-4354-A26B-7325F0C518A9}.AppStore|iPhone.Build.0 = Debug|Any CPU
		{49189EA9-BF7B-4354-A26B-7325F0C518A9}.AppStore|iPhoneSimulator.ActiveCfg = Debug|Any CPU
		{49189EA9-BF7B-4354-A26B-7325F0C518A9}.AppStore|iPhoneSimulator.Build.0 = Debug|Any CPU
		{49189EA9-BF7B-4354-A26B-7325F0C518A9}.AppStore|x64.ActiveCfg = Release|Any CPU
		{49189EA9-BF7B-4354-A26B-7325F0C518A9}.AppStore|x64.Build.0 = Release|Any CPU
		{49189EA9-BF7B-4354-A26B-7325F0C518A9}.AppStore|x86.ActiveCfg = Release|Any CPU
		{49189EA9-BF7B-4354-A26B-7325F0C518A9}.AppStore|x86.Build.0 = Release|Any CPU
		{49189EA9-BF7B-4354-A26B-7325F0C518A9}.Debug|Any CPU.ActiveCfg = Debug|Any CPU
		{49189EA9-BF7B-4354-A26B-7325F0C518A9}.Debug|Any CPU.Build.0 = Debug|Any CPU
		{49189EA9-BF7B-4354-A26B-7325F0C518A9}.Debug|ARM.ActiveCfg = Debug|Any CPU
		{49189EA9-BF7B-4354-A26B-7325F0C518A9}.Debug|ARM.Build.0 = Debug|Any CPU
		{49189EA9-BF7B-4354-A26B-7325F0C518A9}.Debug|iPhone.ActiveCfg = Debug|Any CPU
		{49189EA9-BF7B-4354-A26B-7325F0C518A9}.Debug|iPhone.Build.0 = Debug|Any CPU
		{49189EA9-BF7B-4354-A26B-7325F0C518A9}.Debug|iPhoneSimulator.ActiveCfg = Debug|Any CPU
		{49189EA9-BF7B-4354-A26B-7325F0C518A9}.Debug|iPhoneSimulator.Build.0 = Debug|Any CPU
		{49189EA9-BF7B-4354-A26B-7325F0C518A9}.Debug|x64.ActiveCfg = Debug|Any CPU
		{49189EA9-BF7B-4354-A26B-7325F0C518A9}.Debug|x64.Build.0 = Debug|Any CPU
		{49189EA9-BF7B-4354-A26B-7325F0C518A9}.Debug|x86.ActiveCfg = Debug|Any CPU
		{49189EA9-BF7B-4354-A26B-7325F0C518A9}.Debug|x86.Build.0 = Debug|Any CPU
		{49189EA9-BF7B-4354-A26B-7325F0C518A9}.Release|Any CPU.ActiveCfg = Release|Any CPU
		{49189EA9-BF7B-4354-A26B-7325F0C518A9}.Release|Any CPU.Build.0 = Release|Any CPU
		{49189EA9-BF7B-4354-A26B-7325F0C518A9}.Release|ARM.ActiveCfg = Release|Any CPU
		{49189EA9-BF7B-4354-A26B-7325F0C518A9}.Release|ARM.Build.0 = Release|Any CPU
		{49189EA9-BF7B-4354-A26B-7325F0C518A9}.Release|iPhone.ActiveCfg = Release|Any CPU
		{49189EA9-BF7B-4354-A26B-7325F0C518A9}.Release|iPhone.Build.0 = Release|Any CPU
		{49189EA9-BF7B-4354-A26B-7325F0C518A9}.Release|iPhoneSimulator.ActiveCfg = Release|Any CPU
		{49189EA9-BF7B-4354-A26B-7325F0C518A9}.Release|iPhoneSimulator.Build.0 = Release|Any CPU
		{49189EA9-BF7B-4354-A26B-7325F0C518A9}.Release|x64.ActiveCfg = Release|Any CPU
		{49189EA9-BF7B-4354-A26B-7325F0C518A9}.Release|x64.Build.0 = Release|Any CPU
		{49189EA9-BF7B-4354-A26B-7325F0C518A9}.Release|x86.ActiveCfg = Release|Any CPU
		{49189EA9-BF7B-4354-A26B-7325F0C518A9}.Release|x86.Build.0 = Release|Any CPU
		{8B3C2DAC-D849-4687-90CA-A2079BAD8D67}.Ad-Hoc|Any CPU.ActiveCfg = Debug|Any CPU
		{8B3C2DAC-D849-4687-90CA-A2079BAD8D67}.Ad-Hoc|Any CPU.Build.0 = Debug|Any CPU
		{8B3C2DAC-D849-4687-90CA-A2079BAD8D67}.Ad-Hoc|ARM.ActiveCfg = Debug|Any CPU
		{8B3C2DAC-D849-4687-90CA-A2079BAD8D67}.Ad-Hoc|ARM.Build.0 = Debug|Any CPU
		{8B3C2DAC-D849-4687-90CA-A2079BAD8D67}.Ad-Hoc|iPhone.ActiveCfg = Debug|Any CPU
		{8B3C2DAC-D849-4687-90CA-A2079BAD8D67}.Ad-Hoc|iPhone.Build.0 = Debug|Any CPU
		{8B3C2DAC-D849-4687-90CA-A2079BAD8D67}.Ad-Hoc|iPhoneSimulator.ActiveCfg = Debug|Any CPU
		{8B3C2DAC-D849-4687-90CA-A2079BAD8D67}.Ad-Hoc|iPhoneSimulator.Build.0 = Debug|Any CPU
		{8B3C2DAC-D849-4687-90CA-A2079BAD8D67}.Ad-Hoc|x64.ActiveCfg = Debug|Any CPU
		{8B3C2DAC-D849-4687-90CA-A2079BAD8D67}.Ad-Hoc|x64.Build.0 = Debug|Any CPU
		{8B3C2DAC-D849-4687-90CA-A2079BAD8D67}.Ad-Hoc|x86.ActiveCfg = Debug|Any CPU
		{8B3C2DAC-D849-4687-90CA-A2079BAD8D67}.Ad-Hoc|x86.Build.0 = Debug|Any CPU
		{8B3C2DAC-D849-4687-90CA-A2079BAD8D67}.AppStore|Any CPU.ActiveCfg = Debug|Any CPU
		{8B3C2DAC-D849-4687-90CA-A2079BAD8D67}.AppStore|Any CPU.Build.0 = Debug|Any CPU
		{8B3C2DAC-D849-4687-90CA-A2079BAD8D67}.AppStore|ARM.ActiveCfg = Debug|Any CPU
		{8B3C2DAC-D849-4687-90CA-A2079BAD8D67}.AppStore|ARM.Build.0 = Debug|Any CPU
		{8B3C2DAC-D849-4687-90CA-A2079BAD8D67}.AppStore|iPhone.ActiveCfg = Debug|Any CPU
		{8B3C2DAC-D849-4687-90CA-A2079BAD8D67}.AppStore|iPhone.Build.0 = Debug|Any CPU
		{8B3C2DAC-D849-4687-90CA-A2079BAD8D67}.AppStore|iPhoneSimulator.ActiveCfg = Debug|Any CPU
		{8B3C2DAC-D849-4687-90CA-A2079BAD8D67}.AppStore|iPhoneSimulator.Build.0 = Debug|Any CPU
		{8B3C2DAC-D849-4687-90CA-A2079BAD8D67}.AppStore|x64.ActiveCfg = Debug|Any CPU
		{8B3C2DAC-D849-4687-90CA-A2079BAD8D67}.AppStore|x64.Build.0 = Debug|Any CPU
		{8B3C2DAC-D849-4687-90CA-A2079BAD8D67}.AppStore|x86.ActiveCfg = Debug|Any CPU
		{8B3C2DAC-D849-4687-90CA-A2079BAD8D67}.AppStore|x86.Build.0 = Debug|Any CPU
		{8B3C2DAC-D849-4687-90CA-A2079BAD8D67}.Debug|Any CPU.ActiveCfg = Debug|Any CPU
		{8B3C2DAC-D849-4687-90CA-A2079BAD8D67}.Debug|Any CPU.Build.0 = Debug|Any CPU
		{8B3C2DAC-D849-4687-90CA-A2079BAD8D67}.Debug|ARM.ActiveCfg = Debug|Any CPU
		{8B3C2DAC-D849-4687-90CA-A2079BAD8D67}.Debug|ARM.Build.0 = Debug|Any CPU
		{8B3C2DAC-D849-4687-90CA-A2079BAD8D67}.Debug|iPhone.ActiveCfg = Debug|Any CPU
		{8B3C2DAC-D849-4687-90CA-A2079BAD8D67}.Debug|iPhone.Build.0 = Debug|Any CPU
		{8B3C2DAC-D849-4687-90CA-A2079BAD8D67}.Debug|iPhoneSimulator.ActiveCfg = Debug|Any CPU
		{8B3C2DAC-D849-4687-90CA-A2079BAD8D67}.Debug|iPhoneSimulator.Build.0 = Debug|Any CPU
		{8B3C2DAC-D849-4687-90CA-A2079BAD8D67}.Debug|x64.ActiveCfg = Debug|Any CPU
		{8B3C2DAC-D849-4687-90CA-A2079BAD8D67}.Debug|x64.Build.0 = Debug|Any CPU
		{8B3C2DAC-D849-4687-90CA-A2079BAD8D67}.Debug|x86.ActiveCfg = Debug|Any CPU
		{8B3C2DAC-D849-4687-90CA-A2079BAD8D67}.Debug|x86.Build.0 = Debug|Any CPU
		{8B3C2DAC-D849-4687-90CA-A2079BAD8D67}.Release|Any CPU.ActiveCfg = Release|Any CPU
		{8B3C2DAC-D849-4687-90CA-A2079BAD8D67}.Release|Any CPU.Build.0 = Release|Any CPU
		{8B3C2DAC-D849-4687-90CA-A2079BAD8D67}.Release|ARM.ActiveCfg = Release|Any CPU
		{8B3C2DAC-D849-4687-90CA-A2079BAD8D67}.Release|ARM.Build.0 = Release|Any CPU
		{8B3C2DAC-D849-4687-90CA-A2079BAD8D67}.Release|iPhone.ActiveCfg = Release|Any CPU
		{8B3C2DAC-D849-4687-90CA-A2079BAD8D67}.Release|iPhone.Build.0 = Release|Any CPU
		{8B3C2DAC-D849-4687-90CA-A2079BAD8D67}.Release|iPhoneSimulator.ActiveCfg = Release|Any CPU
		{8B3C2DAC-D849-4687-90CA-A2079BAD8D67}.Release|iPhoneSimulator.Build.0 = Release|Any CPU
		{8B3C2DAC-D849-4687-90CA-A2079BAD8D67}.Release|x64.ActiveCfg = Release|Any CPU
		{8B3C2DAC-D849-4687-90CA-A2079BAD8D67}.Release|x64.Build.0 = Release|Any CPU
		{8B3C2DAC-D849-4687-90CA-A2079BAD8D67}.Release|x86.ActiveCfg = Release|Any CPU
		{8B3C2DAC-D849-4687-90CA-A2079BAD8D67}.Release|x86.Build.0 = Release|Any CPU
		{122599E6-79F6-41A5-9764-BC42F0DFD949}.Ad-Hoc|Any CPU.ActiveCfg = Debug|Any CPU
		{122599E6-79F6-41A5-9764-BC42F0DFD949}.Ad-Hoc|Any CPU.Build.0 = Debug|Any CPU
		{122599E6-79F6-41A5-9764-BC42F0DFD949}.Ad-Hoc|Any CPU.Deploy.0 = Debug|Any CPU
		{122599E6-79F6-41A5-9764-BC42F0DFD949}.Ad-Hoc|ARM.ActiveCfg = Debug|Any CPU
		{122599E6-79F6-41A5-9764-BC42F0DFD949}.Ad-Hoc|ARM.Build.0 = Debug|Any CPU
		{122599E6-79F6-41A5-9764-BC42F0DFD949}.Ad-Hoc|ARM.Deploy.0 = Debug|Any CPU
		{122599E6-79F6-41A5-9764-BC42F0DFD949}.Ad-Hoc|iPhone.ActiveCfg = Debug|Any CPU
		{122599E6-79F6-41A5-9764-BC42F0DFD949}.Ad-Hoc|iPhone.Build.0 = Debug|Any CPU
		{122599E6-79F6-41A5-9764-BC42F0DFD949}.Ad-Hoc|iPhone.Deploy.0 = Debug|Any CPU
		{122599E6-79F6-41A5-9764-BC42F0DFD949}.Ad-Hoc|iPhoneSimulator.ActiveCfg = Debug|Any CPU
		{122599E6-79F6-41A5-9764-BC42F0DFD949}.Ad-Hoc|iPhoneSimulator.Build.0 = Debug|Any CPU
		{122599E6-79F6-41A5-9764-BC42F0DFD949}.Ad-Hoc|iPhoneSimulator.Deploy.0 = Debug|Any CPU
		{122599E6-79F6-41A5-9764-BC42F0DFD949}.Ad-Hoc|x64.ActiveCfg = Release|x64
		{122599E6-79F6-41A5-9764-BC42F0DFD949}.Ad-Hoc|x64.Build.0 = Release|x64
		{122599E6-79F6-41A5-9764-BC42F0DFD949}.Ad-Hoc|x64.Deploy.0 = Release|x64
		{122599E6-79F6-41A5-9764-BC42F0DFD949}.Ad-Hoc|x86.ActiveCfg = Release|x86
		{122599E6-79F6-41A5-9764-BC42F0DFD949}.Ad-Hoc|x86.Build.0 = Release|x86
		{122599E6-79F6-41A5-9764-BC42F0DFD949}.Ad-Hoc|x86.Deploy.0 = Release|x86
		{122599E6-79F6-41A5-9764-BC42F0DFD949}.AppStore|Any CPU.ActiveCfg = Debug|Any CPU
		{122599E6-79F6-41A5-9764-BC42F0DFD949}.AppStore|Any CPU.Build.0 = Debug|Any CPU
		{122599E6-79F6-41A5-9764-BC42F0DFD949}.AppStore|Any CPU.Deploy.0 = Debug|Any CPU
		{122599E6-79F6-41A5-9764-BC42F0DFD949}.AppStore|ARM.ActiveCfg = Debug|Any CPU
		{122599E6-79F6-41A5-9764-BC42F0DFD949}.AppStore|ARM.Build.0 = Debug|Any CPU
		{122599E6-79F6-41A5-9764-BC42F0DFD949}.AppStore|ARM.Deploy.0 = Debug|Any CPU
		{122599E6-79F6-41A5-9764-BC42F0DFD949}.AppStore|iPhone.ActiveCfg = Debug|Any CPU
		{122599E6-79F6-41A5-9764-BC42F0DFD949}.AppStore|iPhone.Build.0 = Debug|Any CPU
		{122599E6-79F6-41A5-9764-BC42F0DFD949}.AppStore|iPhone.Deploy.0 = Debug|Any CPU
		{122599E6-79F6-41A5-9764-BC42F0DFD949}.AppStore|iPhoneSimulator.ActiveCfg = Debug|Any CPU
		{122599E6-79F6-41A5-9764-BC42F0DFD949}.AppStore|iPhoneSimulator.Build.0 = Debug|Any CPU
		{122599E6-79F6-41A5-9764-BC42F0DFD949}.AppStore|iPhoneSimulator.Deploy.0 = Debug|Any CPU
		{122599E6-79F6-41A5-9764-BC42F0DFD949}.AppStore|x64.ActiveCfg = Release|x64
		{122599E6-79F6-41A5-9764-BC42F0DFD949}.AppStore|x64.Build.0 = Release|x64
		{122599E6-79F6-41A5-9764-BC42F0DFD949}.AppStore|x64.Deploy.0 = Release|x64
		{122599E6-79F6-41A5-9764-BC42F0DFD949}.AppStore|x86.ActiveCfg = Release|x86
		{122599E6-79F6-41A5-9764-BC42F0DFD949}.AppStore|x86.Build.0 = Release|x86
		{122599E6-79F6-41A5-9764-BC42F0DFD949}.AppStore|x86.Deploy.0 = Release|x86
		{122599E6-79F6-41A5-9764-BC42F0DFD949}.Debug|Any CPU.ActiveCfg = Debug|Any CPU
		{122599E6-79F6-41A5-9764-BC42F0DFD949}.Debug|Any CPU.Build.0 = Debug|Any CPU
		{122599E6-79F6-41A5-9764-BC42F0DFD949}.Debug|Any CPU.Deploy.0 = Debug|Any CPU
		{122599E6-79F6-41A5-9764-BC42F0DFD949}.Debug|ARM.ActiveCfg = Debug|Any CPU
		{122599E6-79F6-41A5-9764-BC42F0DFD949}.Debug|ARM.Build.0 = Debug|Any CPU
		{122599E6-79F6-41A5-9764-BC42F0DFD949}.Debug|ARM.Deploy.0 = Debug|Any CPU
		{122599E6-79F6-41A5-9764-BC42F0DFD949}.Debug|iPhone.ActiveCfg = Debug|Any CPU
		{122599E6-79F6-41A5-9764-BC42F0DFD949}.Debug|iPhone.Build.0 = Debug|Any CPU
		{122599E6-79F6-41A5-9764-BC42F0DFD949}.Debug|iPhone.Deploy.0 = Debug|Any CPU
		{122599E6-79F6-41A5-9764-BC42F0DFD949}.Debug|iPhoneSimulator.ActiveCfg = Debug|Any CPU
		{122599E6-79F6-41A5-9764-BC42F0DFD949}.Debug|iPhoneSimulator.Build.0 = Debug|Any CPU
		{122599E6-79F6-41A5-9764-BC42F0DFD949}.Debug|iPhoneSimulator.Deploy.0 = Debug|Any CPU
		{122599E6-79F6-41A5-9764-BC42F0DFD949}.Debug|x64.ActiveCfg = Debug|x64
		{122599E6-79F6-41A5-9764-BC42F0DFD949}.Debug|x64.Build.0 = Debug|x64
		{122599E6-79F6-41A5-9764-BC42F0DFD949}.Debug|x64.Deploy.0 = Debug|x64
		{122599E6-79F6-41A5-9764-BC42F0DFD949}.Debug|x86.ActiveCfg = Debug|x86
		{122599E6-79F6-41A5-9764-BC42F0DFD949}.Debug|x86.Build.0 = Debug|x86
		{122599E6-79F6-41A5-9764-BC42F0DFD949}.Debug|x86.Deploy.0 = Debug|x86
		{122599E6-79F6-41A5-9764-BC42F0DFD949}.Release|Any CPU.ActiveCfg = Release|Any CPU
		{122599E6-79F6-41A5-9764-BC42F0DFD949}.Release|Any CPU.Build.0 = Release|Any CPU
		{122599E6-79F6-41A5-9764-BC42F0DFD949}.Release|Any CPU.Deploy.0 = Release|Any CPU
		{122599E6-79F6-41A5-9764-BC42F0DFD949}.Release|ARM.ActiveCfg = Release|Any CPU
		{122599E6-79F6-41A5-9764-BC42F0DFD949}.Release|ARM.Build.0 = Release|Any CPU
		{122599E6-79F6-41A5-9764-BC42F0DFD949}.Release|ARM.Deploy.0 = Release|Any CPU
		{122599E6-79F6-41A5-9764-BC42F0DFD949}.Release|iPhone.ActiveCfg = Release|Any CPU
		{122599E6-79F6-41A5-9764-BC42F0DFD949}.Release|iPhone.Build.0 = Release|Any CPU
		{122599E6-79F6-41A5-9764-BC42F0DFD949}.Release|iPhone.Deploy.0 = Release|Any CPU
		{122599E6-79F6-41A5-9764-BC42F0DFD949}.Release|iPhoneSimulator.ActiveCfg = Release|Any CPU
		{122599E6-79F6-41A5-9764-BC42F0DFD949}.Release|iPhoneSimulator.Build.0 = Release|Any CPU
		{122599E6-79F6-41A5-9764-BC42F0DFD949}.Release|iPhoneSimulator.Deploy.0 = Release|Any CPU
		{122599E6-79F6-41A5-9764-BC42F0DFD949}.Release|x64.ActiveCfg = Release|x64
		{122599E6-79F6-41A5-9764-BC42F0DFD949}.Release|x64.Build.0 = Release|x64
		{122599E6-79F6-41A5-9764-BC42F0DFD949}.Release|x64.Deploy.0 = Release|x64
		{122599E6-79F6-41A5-9764-BC42F0DFD949}.Release|x86.ActiveCfg = Release|x86
		{122599E6-79F6-41A5-9764-BC42F0DFD949}.Release|x86.Build.0 = Release|x86
		{122599E6-79F6-41A5-9764-BC42F0DFD949}.Release|x86.Deploy.0 = Release|x86
	EndGlobalSection
	GlobalSection(SolutionProperties) = preSolution
		HideSolutionNode = FALSE
	EndGlobalSection
	GlobalSection(ExtensibilityGlobals) = postSolution
		SolutionGuid = {401DEC00-6E06-4726-9727-665F325D8A30}
	EndGlobalSection
EndGlobal
